
Microsoft Visual Studio Solution File, Format Version 12.00
# Visual Studio Version 17
VisualStudioVersion = 17.14.36518.9 d17.14
MinimumVisualStudioVersion = 10.0.40219.1
Project("{FAE04EC0-301F-11D3-BF4B-00C04F79EFBC}") = "FamilyTree.API", "FamilyTree.API\FamilyTree.API.csproj", "{EF22ECEE-EF24-49E7-A557-0EA0E4002F50}"
	ProjectSection(ProjectDependencies) = postProject
		{FE65C7CB-83F1-4559-BFEB-08AC0D9B6A5D} = {FE65C7CB-83F1-4559-BFEB-08AC0D9B6A5D}
	EndProjectSection
EndProject
Project("{FAE04EC0-301F-11D3-BF4B-00C04F79EFBC}") = "FamilyTree.Data", "FamilyTree.Data\FamilyTree.Data.csproj", "{FE65C7CB-83F1-4559-BFEB-08AC0D9B6A5D}"
EndProject
Global
	GlobalSection(SolutionConfigurationPlatforms) = preSolution
		Debug|Any CPU = Debug|Any CPU
		Release|Any CPU = Release|Any CPU
	EndGlobalSection
	GlobalSection(ProjectConfigurationPlatforms) = postSolution
		{EF22ECEE-EF24-49E7-A557-0EA0E4002F50}.Debug|Any CPU.ActiveCfg = Debug|Any CPU
		{EF22ECEE-EF24-49E7-A557-0EA0E4002F50}.Debug|Any CPU.Build.0 = Debug|Any CPU
		{EF22ECEE-EF24-49E7-A557-0EA0E4002F50}.Release|Any CPU.ActiveCfg = Release|Any CPU
		{EF22ECEE-EF24-49E7-A557-0EA0E4002F50}.Release|Any CPU.Build.0 = Release|Any CPU
		{FE65C7CB-83F1-4559-BFEB-08AC0D9B6A5D}.Debug|Any CPU.ActiveCfg = Debug|Any CPU
		{FE65C7CB-83F1-4559-BFEB-08AC0D9B6A5D}.Debug|Any CPU.Build.0 = Debug|Any CPU
		{FE65C7CB-83F1-4559-BFEB-08AC0D9B6A5D}.Release|Any CPU.ActiveCfg = Release|Any CPU
		{FE65C7CB-83F1-4559-BFEB-08AC0D9B6A5D}.Release|Any CPU.Build.0 = Release|Any CPU
	EndGlobalSection
	GlobalSection(SolutionProperties) = preSolution
		HideSolutionNode = FALSE
	EndGlobalSection
	GlobalSection(ExtensibilityGlobals) = postSolution
		SolutionGuid = {0B5C60B1-1435-400B-9BFC-A84D474CAFAE}
	EndGlobalSection
EndGlobal
